
Microsoft Visual Studio Solution File, Format Version 12.00
# Visual Studio Version 17
VisualStudioVersion = 17.14.36603.0 d17.14
MinimumVisualStudioVersion = 10.0.40219.1
Project("{FAE04EC0-301F-11D3-BF4B-00C04F79EFBC}") = "InsuranceAPI", "InsuranceAPI.csproj", "{EFA8A06A-1A99-42B2-A334-6F8E7A088AFC}"
EndProject
Global
	GlobalSection(SolutionConfigurationPlatforms) = preSolution
		Debug|Any CPU = Debug|Any CPU
		Release|Any CPU = Release|Any CPU
	EndGlobalSection
	GlobalSection(ProjectConfigurationPlatforms) = postSolution
		{EFA8A06A-1A99-42B2-A334-6F8E7A088AFC}.Debug|Any CPU.ActiveCfg = Debug|Any CPU
		{EFA8A06A-1A99-42B2-A334-6F8E7A088AFC}.Debug|Any CPU.Build.0 = Debug|Any CPU
		{EFA8A06A-1A99-42B2-A334-6F8E7A088AFC}.Release|Any CPU.ActiveCfg = Release|Any CPU
		{EFA8A06A-1A99-42B2-A334-6F8E7A088AFC}.Release|Any CPU.Build.0 = Release|Any CPU
	EndGlobalSection
	GlobalSection(SolutionProperties) = preSolution
		HideSolutionNode = FALSE
	EndGlobalSection
	GlobalSection(ExtensibilityGlobals) = postSolution
		SolutionGuid = {DEACF523-F7A4-4C86-A5A4-F46E10F7F00E}
	EndGlobalSection
EndGlobal
